{
  "originHash" : "5f02e2a86868cac87ae056cf06b650d4c36c17eaa3d4d15c9e95667d9ee314e2",
  "pins" : [
    {
      "identity" : "corenostr",
      "kind" : "remoteSourceControl",
      "location" : "https://github.com/SparrowTek/CoreNostr.git",
      "state" : {
        "revision" : "7ec32d4b6a0956b1b1927ca62bacdfd835ee8782",
        "version" : "3.0.0"
      }
    },
    {
      "identity" : "swift-asn1",
      "kind" : "remoteSourceControl",
      "location" : "https://github.com/apple/swift-asn1.git",
      "state" : {
        "revision" : "eb50cbd14606a9161cbc5d452f18797c90ef0bab",
        "version" : "1.7.0"
      }
    },
    {
      "identity" : "swift-crypto",
      "kind" : "remoteSourceControl",
      "location" : "https://github.com/apple/swift-crypto.git",
      "state" : {
        "revision" : "95ba0316a9b733e92bb6b071255ff46263bbe7dc",
        "version" : "3.15.1"
      }
    },
    {
      "identity" : "swift-secp256k1",
      "kind" : "remoteSourceControl",
      "location" : "https://github.com/21-DOT-DEV/swift-secp256k1",
      "state" : {
        "revision" : "cfab52e538683557259302c39ef25df60226eb30",
        "version" : "0.23.1"
      }
    }
  ],
  "version" : 3
}
