{
  "originHash" : "5f02e2a86868cac87ae056cf06b650d4c36c17eaa3d4d15c9e95667d9ee314e2",
  "pins" : [
    {
      "identity" : "corenostr",
      "kind" : "remoteSourceControl",
      "location" : "https://github.com/SparrowTek/CoreNostr.git",
      "state" : {
        "revision" : "b78be6445fa9b736f729eb74ab981e0671bf5472",
        "version" : "3.0.1"
      }
    },
    {
      "identity" : "swift-asn1",
      "kind" : "remoteSourceControl",
      "location" : "https://github.com/apple/swift-asn1.git",
      "state" : {
        "revision" : "a9a5efd40eaf558a2bcd48d64b1d1646be686008",
        "version" : "1.7.1"
      }
    },
    {
      "identity" : "swift-crypto",
      "kind" : "remoteSourceControl",
      "location" : "https://github.com/apple/swift-crypto.git",
      "state" : {
        "revision" : "95ba0316a9b733e92bb6b071255ff46263bbe7dc",
        "version" : "3.15.1"
      }
    },
    {
      "identity" : "swift-secp256k1",
      "kind" : "remoteSourceControl",
      "location" : "https://github.com/21-DOT-DEV/swift-secp256k1",
      "state" : {
        "revision" : "e70a10e036a55fffea31568f0af92d69b6d449cd",
        "version" : "0.23.2"
      }
    }
  ],
  "version" : 3
}
